# This file is autogenerated, do not edit; changes may be undone by the next 'dep ensure'.


[[projects]]
  branch = "master"
  name = "github.com/hashicorp/errwrap"
  packages = ["."]
  revision = "d6c0cd88035724dd42e0f335ae30161c20575ecc"

[[projects]]
  branch = "master"
  name = "github.com/hashicorp/go-multierror"
  packages = ["."]
  revision = "12f8a7e29b823bba3e5ca3d9526b96ddfca48906"

[[projects]]
  name = "github.com/pkg/errors"
  packages = ["."]
  revision = "645ef00459ed84a119197bfb8d8205042c6df63d"
  version = "v0.8.0"

[[projects]]
  branch = "master"
  name = "github.com/sigurn/crc8"
  packages = ["."]
  revision = "e55481d6f45c5a8f040343bace9013571dae103e"

[[projects]]
  branch = "master"
  name = "github.com/sigurn/utils"
  packages = ["."]
  revision = "f19e41f79f8f006116f682c1af454591bc278ad4"

[[projects]]
  name = "gobot.io/x/gobot"
  packages = [
    ".",
    "drivers/gpio",
    "drivers/i2c",
    "drivers/spi",
    "platforms/raspi",
    "sysfs"
  ]
  revision = "c1d0e3ce485df0b45076d1d93b7d9240b770d5fc"
  version = "1.11.1"

[[projects]]
  name = "periph.io/x/periph"
  packages = [
    ".",
    "conn",
    "conn/gpio",
    "conn/gpio/gpioreg",
    "conn/i2c",
    "conn/i2c/i2creg",
    "conn/physic",
    "conn/pin",
    "conn/spi",
    "conn/spi/spireg",
    "host/fs",
    "host/sysfs"
  ]
  revision = "000523f7fa26b78f012b93221c94434ac5b18e37"
  version = "v3.0.0"

[solve-meta]
  analyzer-name = "dep"
  analyzer-version = 1
  inputs-digest = "b8d018e3ddbf61460d0ed001e4712dc54b762514310dec45581131ebcc0168d3"
  solver-name = "gps-cdcl"
  solver-version = 1
